
Microsoft Visual Studio Solution File, Format Version 12.00
# Visual Studio Version 17
VisualStudioVersion = 17.0.31919.166
MinimumVisualStudioVersion = 10.0.40219.1
Project("{FAE04EC0-301F-11D3-BF4B-00C04F79EFBC}") = "DS3Saver", "DS3Saver\DS3Saver.csproj", "{98D16724-4FCC-4BE1-BB52-DDF218500757}"
EndProject
Global
	GlobalSection(SolutionConfigurationPlatforms) = preSolution
		Debug|Any CPU = Debug|Any CPU
		Release|Any CPU = Release|Any CPU
	EndGlobalSection
	GlobalSection(ProjectConfigurationPlatforms) = postSolution
		{98D16724-4FCC-4BE1-BB52-DDF218500757}.Debug|Any CPU.ActiveCfg = Release|Any CPU
		{98D16724-4FCC-4BE1-BB52-DDF218500757}.Debug|Any CPU.Build.0 = Release|Any CPU
		{98D16724-4FCC-4BE1-BB52-DDF218500757}.Release|Any CPU.ActiveCfg = Release|Any CPU
		{98D16724-4FCC-4BE1-BB52-DDF218500757}.Release|Any CPU.Build.0 = Release|Any CPU
	EndGlobalSection
	GlobalSection(SolutionProperties) = preSolution
		HideSolutionNode = FALSE
	EndGlobalSection
	GlobalSection(ExtensibilityGlobals) = postSolution
		SolutionGuid = {A661C514-4979-4340-A3C5-3C4865442E66}
	EndGlobalSection
EndGlobal
